
Microsoft Visual Studio Solution File, Format Version 11.00
# Visual Studio 2010
Project("{FAE04EC0-301F-11D3-BF4B-00C04F79EFBC}") = "minecraft", "Assembly-CSharp.csproj", "{B23EE879-6E83-5A3E-2678-E9F231A12AB2}"
EndProject
Global
	GlobalSection(SolutionConfigurationPlatforms) = preSolution
		Debug|Any CPU = Debug|Any CPU
		Release|Any CPU = Release|Any CPU
	EndGlobalSection
	GlobalSection(ProjectConfigurationPlatforms) = postSolution
		{B23EE879-6E83-5A3E-2678-E9F231A12AB2}.Debug|Any CPU.ActiveCfg = Debug|Any CPU
		{B23EE879-6E83-5A3E-2678-E9F231A12AB2}.Debug|Any CPU.Build.0 = Debug|Any CPU
		{B23EE879-6E83-5A3E-2678-E9F231A12AB2}.Release|Any CPU.ActiveCfg = Release|Any CPU
		{B23EE879-6E83-5A3E-2678-E9F231A12AB2}.Release|Any CPU.Build.0 = Release|Any CPU
	EndGlobalSection
	GlobalSection(SolutionProperties) = preSolution
		HideSolutionNode = FALSE
	EndGlobalSection
	GlobalSection(MonoDevelopProperties) = preSolution
		StartupItem = Assembly-CSharp.csproj
	EndGlobalSection
EndGlobal
